// !$*UTF8*$!
{
	archiveVersion = 1;
	classes = {
	};
	objectVersion = 46;
	objects = {

/* Begin PBXBuildFile section */
		A83D7EA61AB7680F00BBDFE4 /* AppDelegate.swift in Sources */ = {isa = PBXBuildFile; fileRef = A83D7EA51AB7680F00BBDFE4 /* AppDelegate.swift */; };
		A83D7EAC1AB7680F00BBDFE4 /* GameViewController.swift in Sources */ = {isa = PBXBuildFile; fileRef = A83D7EAB1AB7680F00BBDFE4 /* GameViewController.swift */; };
		A83D7EB11AB7680F00BBDFE4 /* Images.xcassets in Resources */ = {isa = PBXBuildFile; fileRef = A83D7EB01AB7680F00BBDFE4 /* Images.xcassets */; };
		A83D7EB41AB7680F00BBDFE4 /* LaunchScreen.xib in Resources */ = {isa = PBXBuildFile; fileRef = A83D7EB21AB7680F00BBDFE4 /* LaunchScreen.xib */; };
		A83D7EC01AB7680F00BBDFE4 /* TutorialGameMenuTests.swift in Sources */ = {isa = PBXBuildFile; fileRef = A83D7EBF1AB7680F00BBDFE4 /* TutorialGameMenuTests.swift */; };
		A83D7ECA1AB8BA2800BBDFE4 /* background.png in Resources */ = {isa = PBXBuildFile; fileRef = A83D7EC91AB8BA2800BBDFE4 /* background.png */; };
		A83D7ED01AB8BA4800BBDFE4 /* alfICO.png in Resources */ = {isa = PBXBuildFile; fileRef = A83D7ECB1AB8BA4800BBDFE4 /* alfICO.png */; };
		A83D7ED11AB8BA4800BBDFE4 /* pauseBTN.png in Resources */ = {isa = PBXBuildFile; fileRef = A83D7ECC1AB8BA4800BBDFE4 /* pauseBTN.png */; };
		A83D7ED21AB8BA4800BBDFE4 /* peppeICO.png in Resources */ = {isa = PBXBuildFile; fileRef = A83D7ECD1AB8BA4800BBDFE4 /* peppeICO.png */; };
		A83D7ED31AB8BA4800BBDFE4 /* playBTN.png in Resources */ = {isa = PBXBuildFile; fileRef = A83D7ECE1AB8BA4800BBDFE4 /* playBTN.png */; };
		A83D7ED41AB8BA4800BBDFE4 /* utenteanonimoICO.png in Resources */ = {isa = PBXBuildFile; fileRef = A83D7ECF1AB8BA4800BBDFE4 /* utenteanonimoICO.png */; };
		A83D7ED61AB8BAD700BBDFE4 /* GameMenu.swift in Sources */ = {isa = PBXBuildFile; fileRef = A83D7ED51AB8BAD700BBDFE4 /* GameMenu.swift */; };
		A83D7ED81AB8BB1C00BBDFE4 /* GameInProgress.swift in Sources */ = {isa = PBXBuildFile; fileRef = A83D7ED71AB8BB1C00BBDFE4 /* GameInProgress.swift */; };
		A83D7EDA1AB8BF9100BBDFE4 /* Main.storyboard in Resources */ = {isa = PBXBuildFile; fileRef = A83D7ED91AB8BF9100BBDFE4 /* Main.storyboard */; };
/* End PBXBuildFile section */

/* Begin PBXContainerItemProxy section */
		A83D7EBA1AB7680F00BBDFE4 /* PBXContainerItemProxy */ = {
			isa = PBXContainerItemProxy;
			containerPortal = A83D7E981AB7680F00BBDFE4 /* Project object */;
			proxyType = 1;
			remoteGlobalIDString = A83D7E9F1AB7680F00BBDFE4;
			remoteInfo = TutorialGameMenu;
		};
/* End PBXContainerItemProxy section */

/* Begin PBXFileReference section */
		A83D7EA01AB7680F00BBDFE4 /* TutorialGameMenu.app */ = {isa = PBXFileReference; explicitFileType = wrapper.application; includeInIndex = 0; path = TutorialGameMenu.app; sourceTree = BUILT_PRODUCTS_DIR; };
		A83D7EA41AB7680F00BBDFE4 /* Info.plist */ = {isa = PBXFileReference; lastKnownFileType = text.plist.xml; path = Info.plist; sourceTree = "<group>"; };
		A83D7EA51AB7680F00BBDFE4 /* AppDelegate.swift */ = {isa = PBXFileReference; lastKnownFileType = sourcecode.swift; path = AppDelegate.swift; sourceTree = "<group>"; };
		A83D7EAB1AB7680F00BBDFE4 /* GameViewController.swift */ = {isa = PBXFileReference; lastKnownFileType = sourcecode.swift; path = GameViewController.swift; sourceTree = "<group>"; };
		A83D7EB01AB7680F00BBDFE4 /* Images.xcassets */ = {isa = PBXFileReference; lastKnownFileType = folder.assetcatalog; path = Images.xcassets; sourceTree = "<group>"; };
		A83D7EB31AB7680F00BBDFE4 /* Base */ = {isa = PBXFileReference; lastKnownFileType = file.xib; name = Base; path = Base.lproj/LaunchScreen.xib; sourceTree = "<group>"; };
		A83D7EB91AB7680F00BBDFE4 /* TutorialGameMenuTests.xctest */ = {isa = PBXFileReference; explicitFileType = wrapper.cfbundle; includeInIndex = 0; path = TutorialGameMenuTests.xctest; sourceTree = BUILT_PRODUCTS_DIR; };
		A83D7EBE1AB7680F00BBDFE4 /* Info.plist */ = {isa = PBXFileReference; lastKnownFileType = text.plist.xml; path = Info.plist; sourceTree = "<group>"; };
		A83D7EBF1AB7680F00BBDFE4 /* TutorialGameMenuTests.swift */ = {isa = PBXFileReference; lastKnownFileType = sourcecode.swift; path = TutorialGameMenuTests.swift; sourceTree = "<group>"; };
		A83D7EC91AB8BA2800BBDFE4 /* background.png */ = {isa = PBXFileReference; lastKnownFileType = image.png; name = background.png; path = ../background.png; sourceTree = "<group>"; };
		A83D7ECB1AB8BA4800BBDFE4 /* alfICO.png */ = {isa = PBXFileReference; lastKnownFileType = image.png; name = alfICO.png; path = ../alfICO.png; sourceTree = "<group>"; };
		A83D7ECC1AB8BA4800BBDFE4 /* pauseBTN.png */ = {isa = PBXFileReference; lastKnownFileType = image.png; name = pauseBTN.png; path = ../pauseBTN.png; sourceTree = "<group>"; };
		A83D7ECD1AB8BA4800BBDFE4 /* peppeICO.png */ = {isa = PBXFileReference; lastKnownFileType = image.png; name = peppeICO.png; path = ../peppeICO.png; sourceTree = "<group>"; };
		A83D7ECE1AB8BA4800BBDFE4 /* playBTN.png */ = {isa = PBXFileReference; lastKnownFileType = image.png; name = playBTN.png; path = ../playBTN.png; sourceTree = "<group>"; };
		A83D7ECF1AB8BA4800BBDFE4 /* utenteanonimoICO.png */ = {isa = PBXFileReference; lastKnownFileType = image.png; name = utenteanonimoICO.png; path = ../utenteanonimoICO.png; sourceTree = "<group>"; };
		A83D7ED51AB8BAD700BBDFE4 /* GameMenu.swift */ = {isa = PBXFileReference; fileEncoding = 4; lastKnownFileType = sourcecode.swift; path = GameMenu.swift; sourceTree = "<group>"; };
		A83D7ED71AB8BB1C00BBDFE4 /* GameInProgress.swift */ = {isa = PBXFileReference; fileEncoding = 4; lastKnownFileType = sourcecode.swift; path = GameInProgress.swift; sourceTree = "<group>"; };
		A83D7ED91AB8BF9100BBDFE4 /* Main.storyboard */ = {isa = PBXFileReference; fileEncoding = 4; lastKnownFileType = file.storyboard; path = Main.storyboard; sourceTree = "<group>"; };
/* End PBXFileReference section */

/* Begin PBXFrameworksBuildPhase section */
		A83D7E9D1AB7680F00BBDFE4 /* Frameworks */ = {
			isa = PBXFrameworksBuildPhase;
			buildActionMask = 2147483647;
			files = (
			);
			runOnlyForDeploymentPostprocessing = 0;
		};
		A83D7EB61AB7680F00BBDFE4 /* Frameworks */ = {
			isa = PBXFrameworksBuildPhase;
			buildActionMask = 2147483647;
			files = (
			);
			runOnlyForDeploymentPostprocessing = 0;
		};
/* End PBXFrameworksBuildPhase section */

/* Begin PBXGroup section */
		A83D7E971AB7680F00BBDFE4 = {
			isa = PBXGroup;
			children = (
				A83D7EA21AB7680F00BBDFE4 /* TutorialGameMenu */,
				A83D7EBC1AB7680F00BBDFE4 /* TutorialGameMenuTests */,
				A83D7EA11AB7680F00BBDFE4 /* Products */,
			);
			sourceTree = "<group>";
		};
		A83D7EA11AB7680F00BBDFE4 /* Products */ = {
			isa = PBXGroup;
			children = (
				A83D7EA01AB7680F00BBDFE4 /* TutorialGameMenu.app */,
				A83D7EB91AB7680F00BBDFE4 /* TutorialGameMenuTests.xctest */,
			);
			name = Products;
			sourceTree = "<group>";
		};
		A83D7EA21AB7680F00BBDFE4 /* TutorialGameMenu */ = {
			isa = PBXGroup;
			children = (
				A83D7ECF1AB8BA4800BBDFE4 /* utenteanonimoICO.png */,
				A83D7ECE1AB8BA4800BBDFE4 /* playBTN.png */,
				A83D7ECD1AB8BA4800BBDFE4 /* peppeICO.png */,
				A83D7ECC1AB8BA4800BBDFE4 /* pauseBTN.png */,
				A83D7ECB1AB8BA4800BBDFE4 /* alfICO.png */,
				A83D7EC91AB8BA2800BBDFE4 /* background.png */,
				A83D7EA51AB7680F00BBDFE4 /* AppDelegate.swift */,
				A83D7EAB1AB7680F00BBDFE4 /* GameViewController.swift */,
				A83D7ED51AB8BAD700BBDFE4 /* GameMenu.swift */,
				A83D7ED71AB8BB1C00BBDFE4 /* GameInProgress.swift */,
				A83D7EB01AB7680F00BBDFE4 /* Images.xcassets */,
				A83D7ED91AB8BF9100BBDFE4 /* Main.storyboard */,
				A83D7EB21AB7680F00BBDFE4 /* LaunchScreen.xib */,
				A83D7EA31AB7680F00BBDFE4 /* Supporting Files */,
			);
			path = TutorialGameMenu;
			sourceTree = "<group>";
		};
		A83D7EA31AB7680F00BBDFE4 /* Supporting Files */ = {
			isa = PBXGroup;
			children = (
				A83D7EA41AB7680F00BBDFE4 /* Info.plist */,
			);
			name = "Supporting Files";
			sourceTree = "<group>";
		};
		A83D7EBC1AB7680F00BBDFE4 /* TutorialGameMenuTests */ = {
			isa = PBXGroup;
			children = (
				A83D7EBF1AB7680F00BBDFE4 /* TutorialGameMenuTests.swift */,
				A83D7EBD1AB7680F00BBDFE4 /* Supporting Files */,
			);
			path = TutorialGameMenuTests;
			sourceTree = "<group>";
		};
		A83D7EBD1AB7680F00BBDFE4 /* Supporting Files */ = {
			isa = PBXGroup;
			children = (
				A83D7EBE1AB7680F00BBDFE4 /* Info.plist */,
			);
			name = "Supporting Files";
			sourceTree = "<group>";
		};
/* End PBXGroup section */

/* Begin PBXNativeTarget section */
		A83D7E9F1AB7680F00BBDFE4 /* TutorialGameMenu */ = {
			isa = PBXNativeTarget;
			buildConfigurationList = A83D7EC31AB7680F00BBDFE4 /* Build configuration list for PBXNativeTarget "TutorialGameMenu" */;
			buildPhases = (
				A83D7E9C1AB7680F00BBDFE4 /* Sources */,
				A83D7E9D1AB7680F00BBDFE4 /* Frameworks */,
				A83D7E9E1AB7680F00BBDFE4 /* Resources */,
			);
			buildRules = (
			);
			dependencies = (
			);
			name = TutorialGameMenu;
			productName = TutorialGameMenu;
			productReference = A83D7EA01AB7680F00BBDFE4 /* TutorialGameMenu.app */;
			productType = "com.apple.product-type.application";
		};
		A83D7EB81AB7680F00BBDFE4 /* TutorialGameMenuTests */ = {
			isa = PBXNativeTarget;
			buildConfigurationList = A83D7EC61AB7680F00BBDFE4 /* Build configuration list for PBXNativeTarget "TutorialGameMenuTests" */;
			buildPhases = (
				A83D7EB51AB7680F00BBDFE4 /* Sources */,
				A83D7EB61AB7680F00BBDFE4 /* Frameworks */,
				A83D7EB71AB7680F00BBDFE4 /* Resources */,
			);
			buildRules = (
			);
			dependencies = (
				A83D7EBB1AB7680F00BBDFE4 /* PBXTargetDependency */,
			);
			name = TutorialGameMenuTests;
			productName = TutorialGameMenuTests;
			productReference = A83D7EB91AB7680F00BBDFE4 /* TutorialGameMenuTests.xctest */;
			productType = "com.apple.product-type.bundle.unit-test";
		};
/* End PBXNativeTarget section */

/* Begin PBXProject section */
		A83D7E981AB7680F00BBDFE4 /* Project object */ = {
			isa = PBXProject;
			attributes = {
				LastUpgradeCheck = 0620;
				ORGANIZATIONNAME = KiokoKenda;
				TargetAttributes = {
					A83D7E9F1AB7680F00BBDFE4 = {
						CreatedOnToolsVersion = 6.2;
					};
					A83D7EB81AB7680F00BBDFE4 = {
						CreatedOnToolsVersion = 6.2;
						TestTargetID = A83D7E9F1AB7680F00BBDFE4;
					};
				};
			};
			buildConfigurationList = A83D7E9B1AB7680F00BBDFE4 /* Build configuration list for PBXProject "TutorialGameMenu" */;
			compatibilityVersion = "Xcode 3.2";
			developmentRegion = English;
			hasScannedForEncodings = 0;
			knownRegions = (
				en,
				Base,
			);
			mainGroup = A83D7E971AB7680F00BBDFE4;
			productRefGroup = A83D7EA11AB7680F00BBDFE4 /* Products */;
			projectDirPath = "";
			projectRoot = "";
			targets = (
				A83D7E9F1AB7680F00BBDFE4 /* TutorialGameMenu */,
				A83D7EB81AB7680F00BBDFE4 /* TutorialGameMenuTests */,
			);
		};
/* End PBXProject section */

/* Begin PBXResourcesBuildPhase section */
		A83D7E9E1AB7680F00BBDFE4 /* Resources */ = {
			isa = PBXResourcesBuildPhase;
			buildActionMask = 2147483647;
			files = (
				A83D7ED31AB8BA4800BBDFE4 /* playBTN.png in Resources */,
				A83D7ED01AB8BA4800BBDFE4 /* alfICO.png in Resources */,
				A83D7ED21AB8BA4800BBDFE4 /* peppeICO.png in Resources */,
				A83D7ED11AB8BA4800BBDFE4 /* pauseBTN.png in Resources */,
				A83D7EB41AB7680F00BBDFE4 /* LaunchScreen.xib in Resources */,
				A83D7ED41AB8BA4800BBDFE4 /* utenteanonimoICO.png in Resources */,
				A83D7EDA1AB8BF9100BBDFE4 /* Main.storyboard in Resources */,
				A83D7ECA1AB8BA2800BBDFE4 /* background.png in Resources */,
				A83D7EB11AB7680F00BBDFE4 /* Images.xcassets in Resources */,
			);
			runOnlyForDeploymentPostprocessing = 0;
		};
		A83D7EB71AB7680F00BBDFE4 /* Resources */ = {
			isa = PBXResourcesBuildPhase;
			buildActionMask = 2147483647;
			files = (
			);
			runOnlyForDeploymentPostprocessing = 0;
		};
/* End PBXResourcesBuildPhase section */

/* Begin PBXSourcesBuildPhase section */
		A83D7E9C1AB7680F00BBDFE4 /* Sources */ = {
			isa = PBXSourcesBuildPhase;
			buildActionMask = 2147483647;
			files = (
				A83D7ED81AB8BB1C00BBDFE4 /* GameInProgress.swift in Sources */,
				A83D7ED61AB8BAD700BBDFE4 /* GameMenu.swift in Sources */,
				A83D7EAC1AB7680F00BBDFE4 /* GameViewController.swift in Sources */,
				A83D7EA61AB7680F00BBDFE4 /* AppDelegate.swift in Sources */,
			);
			runOnlyForDeploymentPostprocessing = 0;
		};
		A83D7EB51AB7680F00BBDFE4 /* Sources */ = {
			isa = PBXSourcesBuildPhase;
			buildActionMask = 2147483647;
			files = (
				A83D7EC01AB7680F00BBDFE4 /* TutorialGameMenuTests.swift in Sources */,
			);
			runOnlyForDeploymentPostprocessing = 0;
		};
/* End PBXSourcesBuildPhase section */

/* Begin PBXTargetDependency section */
		A83D7EBB1AB7680F00BBDFE4 /* PBXTargetDependency */ = {
			isa = PBXTargetDependency;
			target = A83D7E9F1AB7680F00BBDFE4 /* TutorialGameMenu */;
			targetProxy = A83D7EBA1AB7680F00BBDFE4 /* PBXContainerItemProxy */;
		};
/* End PBXTargetDependency section */

/* Begin PBXVariantGroup section */
		A83D7EB21AB7680F00BBDFE4 /* LaunchScreen.xib */ = {
			isa = PBXVariantGroup;
			children = (
				A83D7EB31AB7680F00BBDFE4 /* Base */,
			);
			name = LaunchScreen.xib;
			sourceTree = "<group>";
		};
/* End PBXVariantGroup section */

/* Begin XCBuildConfiguration section */
		A83D7EC11AB7680F00BBDFE4 /* Debug */ = {
			isa = XCBuildConfiguration;
			buildSettings = {
				ALWAYS_SEARCH_USER_PATHS = NO;
				CLANG_CXX_LANGUAGE_STANDARD = "gnu++0x";
				CLANG_CXX_LIBRARY = "libc++";
				CLANG_ENABLE_MODULES = YES;
				CLANG_ENABLE_OBJC_ARC = YES;
				CLANG_WARN_BOOL_CONVERSION = YES;
				CLANG_WARN_CONSTANT_CONVERSION = YES;
				CLANG_WARN_DIRECT_OBJC_ISA_USAGE = YES_ERROR;
				CLANG_WARN_EMPTY_BODY = YES;
				CLANG_WARN_ENUM_CONVERSION = YES;
				CLANG_WARN_INT_CONVERSION = YES;
				CLANG_WARN_OBJC_ROOT_CLASS = YES_ERROR;
				CLANG_WARN_UNREACHABLE_CODE = YES;
				CLANG_WARN__DUPLICATE_METHOD_MATCH = YES;
				"CODE_SIGN_IDENTITY[sdk=iphoneos*]" = "iPhone Developer";
				COPY_PHASE_STRIP = NO;
				ENABLE_STRICT_OBJC_MSGSEND = YES;
				GCC_C_LANGUAGE_STANDARD = gnu99;
				GCC_DYNAMIC_NO_PIC = NO;
				GCC_OPTIMIZATION_LEVEL = 0;
				GCC_PREPROCESSOR_DEFINITIONS = (
					"DEBUG=1",
					"$(inherited)",
				);
				GCC_SYMBOLS_PRIVATE_EXTERN = NO;
				GCC_WARN_64_TO_32_BIT_CONVERSION = YES;
				GCC_WARN_ABOUT_RETURN_TYPE = YES_ERROR;
				GCC_WARN_UNDECLARED_SELECTOR = YES;
				GCC_WARN_UNINITIALIZED_AUTOS = YES_AGGRESSIVE;
				GCC_WARN_UNUSED_FUNCTION = YES;
				GCC_WARN_UNUSED_VARIABLE = YES;
				IPHONEOS_DEPLOYMENT_TARGET = 8.2;
				MTL_ENABLE_DEBUG_INFO = YES;
				ONLY_ACTIVE_ARCH = YES;
				SDKROOT = iphoneos;
				SWIFT_OPTIMIZATION_LEVEL = "-Onone";
			};
			name = Debug;
		};
		A83D7EC21AB7680F00BBDFE4 /* Release */ = {
			isa = XCBuildConfiguration;
			buildSettings = {
				ALWAYS_SEARCH_USER_PATHS = NO;
				CLANG_CXX_LANGUAGE_STANDARD = "gnu++0x";
				CLANG_CXX_LIBRARY = "libc++";
				CLANG_ENABLE_MODULES = YES;
				CLANG_ENABLE_OBJC_ARC = YES;
				CLANG_WARN_BOOL_CONVERSION = YES;
				CLANG_WARN_CONSTANT_CONVERSION = YES;
				CLANG_WARN_DIRECT_OBJC_ISA_USAGE = YES_ERROR;
				CLANG_WARN_EMPTY_BODY = YES;
				CLANG_WARN_ENUM_CONVERSION = YES;
				CLANG_WARN_INT_CONVERSION = YES;
				CLANG_WARN_OBJC_ROOT_CLASS = YES_ERROR;
				CLANG_WARN_UNREACHABLE_CODE = YES;
				CLANG_WARN__DUPLICATE_METHOD_MATCH = YES;
				"CODE_SIGN_IDENTITY[sdk=iphoneos*]" = "iPhone Developer";
				COPY_PHASE_STRIP = NO;
				ENABLE_NS_ASSERTIONS = NO;
				ENABLE_STRICT_OBJC_MSGSEND = YES;
				GCC_C_LANGUAGE_STANDARD = gnu99;
				GCC_WARN_64_TO_32_BIT_CONVERSION = YES;
				GCC_WARN_ABOUT_RETURN_TYPE = YES_ERROR;
				GCC_WARN_UNDECLARED_SELECTOR = YES;
				GCC_WARN_UNINITIALIZED_AUTOS = YES_AGGRESSIVE;
				GCC_WARN_UNUSED_FUNCTION = YES;
				GCC_WARN_UNUSED_VARIABLE = YES;
				IPHONEOS_DEPLOYMENT_TARGET = 8.2;
				MTL_ENABLE_DEBUG_INFO = NO;
				SDKROOT = iphoneos;
				VALIDATE_PRODUCT = YES;
			};
			name = Release;
		};
		A83D7EC41AB7680F00BBDFE4 /* Debug */ = {
			isa = XCBuildConfiguration;
			buildSettings = {
				ASSETCATALOG_COMPILER_APPICON_NAME = AppIcon;
				INFOPLIST_FILE = TutorialGameMenu/Info.plist;
				LD_RUNPATH_SEARCH_PATHS = "$(inherited) @executable_path/Frameworks";
				PRODUCT_NAME = "$(TARGET_NAME)";
			};
			name = Debug;
		};
		A83D7EC51AB7680F00BBDFE4 /* Release */ = {
			isa = XCBuildConfiguration;
			buildSettings = {
				ASSETCATALOG_COMPILER_APPICON_NAME = AppIcon;
				INFOPLIST_FILE = TutorialGameMenu/Info.plist;
				LD_RUNPATH_SEARCH_PATHS = "$(inherited) @executable_path/Frameworks";
				PRODUCT_NAME = "$(TARGET_NAME)";
			};
			name = Release;
		};
		A83D7EC71AB7680F00BBDFE4 /* Debug */ = {
			isa = XCBuildConfiguration;
			buildSettings = {
				BUNDLE_LOADER = "$(TEST_HOST)";
				FRAMEWORK_SEARCH_PATHS = (
					"$(SDKROOT)/Developer/Library/Frameworks",
					"$(inherited)",
				);
				GCC_PREPROCESSOR_DEFINITIONS = (
					"DEBUG=1",
					"$(inherited)",
				);
				INFOPLIST_FILE = TutorialGameMenuTests/Info.plist;
				LD_RUNPATH_SEARCH_PATHS = "$(inherited) @executable_path/Frameworks @loader_path/Frameworks";
				PRODUCT_NAME = "$(TARGET_NAME)";
				TEST_HOST = "$(BUILT_PRODUCTS_DIR)/TutorialGameMenu.app/TutorialGameMenu";
			};
			name = Debug;
		};
		A83D7EC81AB7680F00BBDFE4 /* Release */ = {
			isa = XCBuildConfiguration;
			buildSettings = {
				BUNDLE_LOADER = "$(TEST_HOST)";
				FRAMEWORK_SEARCH_PATHS = (
					"$(SDKROOT)/Developer/Library/Frameworks",
					"$(inherited)",
				);
				INFOPLIST_FILE = TutorialGameMenuTests/Info.plist;
				LD_RUNPATH_SEARCH_PATHS = "$(inherited) @executable_path/Frameworks @loader_path/Frameworks";
				PRODUCT_NAME = "$(TARGET_NAME)";
				TEST_HOST = "$(BUILT_PRODUCTS_DIR)/TutorialGameMenu.app/TutorialGameMenu";
			};
			name = Release;
		};
/* End XCBuildConfiguration section */

/* Begin XCConfigurationList section */
		A83D7E9B1AB7680F00BBDFE4 /* Build configuration list for PBXProject "TutorialGameMenu" */ = {
			isa = XCConfigurationList;
			buildConfigurations = (
				A83D7EC11AB7680F00BBDFE4 /* Debug */,
				A83D7EC21AB7680F00BBDFE4 /* Release */,
			);
			defaultConfigurationIsVisible = 0;
			defaultConfigurationName = Release;
		};
		A83D7EC31AB7680F00BBDFE4 /* Build configuration list for PBXNativeTarget "TutorialGameMenu" */ = {
			isa = XCConfigurationList;
			buildConfigurations = (
				A83D7EC41AB7680F00BBDFE4 /* Debug */,
				A83D7EC51AB7680F00BBDFE4 /* Release */,
			);
			defaultConfigurationIsVisible = 0;
			defaultConfigurationName = Release;
		};
		A83D7EC61AB7680F00BBDFE4 /* Build configuration list for PBXNativeTarget "TutorialGameMenuTests" */ = {
			isa = XCConfigurationList;
			buildConfigurations = (
				A83D7EC71AB7680F00BBDFE4 /* Debug */,
				A83D7EC81AB7680F00BBDFE4 /* Release */,
			);
			defaultConfigurationIsVisible = 0;
			defaultConfigurationName = Release;
		};
/* End XCConfigurationList section */
	};
	rootObject = A83D7E981AB7680F00BBDFE4 /* Project object */;
}
